Microsoft Visual Studio Solution File, Format Version 12.00
# Visual Studio Version 17
VisualStudioVersion = 17.5.2.0
MinimumVisualStudioVersion = 10.0.40219.1
Project("{FAE04EC0-301F-11D3-BF4B-00C04F79EFBC}") = "MvcBooks", "MvcBooks.csproj", "{992C2F0E-DD92-4119-4DA8-6C2149A950E8}"
EndProject
Global
	GlobalSection(SolutionConfigurationPlatforms) = preSolution
		Debug|Any CPU = Debug|Any CPU
		Release|Any CPU = Release|Any CPU
	EndGlobalSection
	GlobalSection(ProjectConfigurationPlatforms) = postSolution
		{992C2F0E-DD92-4119-4DA8-6C2149A950E8}.Debug|Any CPU.ActiveCfg = Debug|Any CPU
		{992C2F0E-DD92-4119-4DA8-6C2149A950E8}.Debug|Any CPU.Build.0 = Debug|Any CPU
		{992C2F0E-DD92-4119-4DA8-6C2149A950E8}.Release|Any CPU.ActiveCfg = Release|Any CPU
		{992C2F0E-DD92-4119-4DA8-6C2149A950E8}.Release|Any CPU.Build.0 = Release|Any CPU
	EndGlobalSection
	GlobalSection(SolutionProperties) = preSolution
		HideSolutionNode = FALSE
	EndGlobalSection
	GlobalSection(ExtensibilityGlobals) = postSolution
		SolutionGuid = {1BB6015A-4E6C-44ED-8AC2-551562D738A7}
	EndGlobalSection
EndGlobal
